
Microsoft Visual Studio Solution File, Format Version 12.00
# Visual Studio Version 17
VisualStudioVersion = 17.0.32112.339
MinimumVisualStudioVersion = 10.0.40219.1
Project("{FAE04EC0-301F-11D3-BF4B-00C04F79EFBC}") = "Funcionario", "Funcionario\Funcionario.csproj", "{260F68A0-C40F-44E0-8549-9BB46D23C10F}"
EndProject
Global
	GlobalSection(SolutionConfigurationPlatforms) = preSolution
		Debug|Any CPU = Debug|Any CPU
		Release|Any CPU = Release|Any CPU
	EndGlobalSection
	GlobalSection(ProjectConfigurationPlatforms) = postSolution
		{260F68A0-C40F-44E0-8549-9BB46D23C10F}.Debug|Any CPU.ActiveCfg = Debug|Any CPU
		{260F68A0-C40F-44E0-8549-9BB46D23C10F}.Debug|Any CPU.Build.0 = Debug|Any CPU
		{260F68A0-C40F-44E0-8549-9BB46D23C10F}.Release|Any CPU.ActiveCfg = Release|Any CPU
		{260F68A0-C40F-44E0-8549-9BB46D23C10F}.Release|Any CPU.Build.0 = Release|Any CPU
	EndGlobalSection
	GlobalSection(SolutionProperties) = preSolution
		HideSolutionNode = FALSE
	EndGlobalSection
	GlobalSection(ExtensibilityGlobals) = postSolution
		SolutionGuid = {C82099BE-F727-4DE3-A38E-300A237FCA41}
	EndGlobalSection
EndGlobal
