
Microsoft Visual Studio Solution File, Format Version 12.00
# Visual Studio Version 17
VisualStudioVersion = 17.0.32112.339
MinimumVisualStudioVersion = 10.0.40219.1
Project("{FAE04EC0-301F-11D3-BF4B-00C04F79EFBC}") = "02", "02\02.csproj", "{722C1AC8-AEDA-4E31-9312-C68139BE332E}"
EndProject
Global
	GlobalSection(SolutionConfigurationPlatforms) = preSolution
		Debug|Any CPU = Debug|Any CPU
		Release|Any CPU = Release|Any CPU
	EndGlobalSection
	GlobalSection(ProjectConfigurationPlatforms) = postSolution
		{722C1AC8-AEDA-4E31-9312-C68139BE332E}.Debug|Any CPU.ActiveCfg = Debug|Any CPU
		{722C1AC8-AEDA-4E31-9312-C68139BE332E}.Debug|Any CPU.Build.0 = Debug|Any CPU
		{722C1AC8-AEDA-4E31-9312-C68139BE332E}.Release|Any CPU.ActiveCfg = Release|Any CPU
		{722C1AC8-AEDA-4E31-9312-C68139BE332E}.Release|Any CPU.Build.0 = Release|Any CPU
	EndGlobalSection
	GlobalSection(SolutionProperties) = preSolution
		HideSolutionNode = FALSE
	EndGlobalSection
	GlobalSection(ExtensibilityGlobals) = postSolution
		SolutionGuid = {6E734CE1-E90E-4F5D-A830-55996F1B9FEE}
	EndGlobalSection
EndGlobal
