
Microsoft Visual Studio Solution File, Format Version 12.00
# Visual Studio Version 17
VisualStudioVersion = 17.5.33424.131
MinimumVisualStudioVersion = 10.0.40219.1
Project("{FAE04EC0-301F-11D3-BF4B-00C04F79EFBC}") = "Aula01", "Aula01\Aula01.csproj", "{A2AABE5E-5886-4EAA-B7D8-B815D911C83B}"
EndProject
Global
	GlobalSection(SolutionConfigurationPlatforms) = preSolution
		Debug|Any CPU = Debug|Any CPU
		Release|Any CPU = Release|Any CPU
	EndGlobalSection
	GlobalSection(ProjectConfigurationPlatforms) = postSolution
		{A2AABE5E-5886-4EAA-B7D8-B815D911C83B}.Debug|Any CPU.ActiveCfg = Debug|Any CPU
		{A2AABE5E-5886-4EAA-B7D8-B815D911C83B}.Debug|Any CPU.Build.0 = Debug|Any CPU
		{A2AABE5E-5886-4EAA-B7D8-B815D911C83B}.Release|Any CPU.ActiveCfg = Release|Any CPU
		{A2AABE5E-5886-4EAA-B7D8-B815D911C83B}.Release|Any CPU.Build.0 = Release|Any CPU
	EndGlobalSection
	GlobalSection(SolutionProperties) = preSolution
		HideSolutionNode = FALSE
	EndGlobalSection
	GlobalSection(ExtensibilityGlobals) = postSolution
		SolutionGuid = {D210B1C2-B587-4CA9-999F-6249508450F7}
	EndGlobalSection
EndGlobal
